
Microsoft Visual Studio Solution File, Format Version 12.00
# Visual Studio Version 16
VisualStudioVersion = 16.0.31005.135
MinimumVisualStudioVersion = 10.0.40219.1
Project("{FAE04EC0-301F-11D3-BF4B-00C04F79EFBC}") = "SZTF2_NagyHazi", "SZTF2_NagyHazi\SZTF2_NagyHazi.csproj", "{339D2E57-50E0-4B4C-8E41-53D57B64282F}"
EndProject
Global
	GlobalSection(SolutionConfigurationPlatforms) = preSolution
		Debug|Any CPU = Debug|Any CPU
		Release|Any CPU = Release|Any CPU
	EndGlobalSection
	GlobalSection(ProjectConfigurationPlatforms) = postSolution
		{339D2E57-50E0-4B4C-8E41-53D57B64282F}.Debug|Any CPU.ActiveCfg = Debug|Any CPU
		{339D2E57-50E0-4B4C-8E41-53D57B64282F}.Debug|Any CPU.Build.0 = Debug|Any CPU
		{339D2E57-50E0-4B4C-8E41-53D57B64282F}.Release|Any CPU.ActiveCfg = Release|Any CPU
		{339D2E57-50E0-4B4C-8E41-53D57B64282F}.Release|Any CPU.Build.0 = Release|Any CPU
	EndGlobalSection
	GlobalSection(SolutionProperties) = preSolution
		HideSolutionNode = FALSE
	EndGlobalSection
	GlobalSection(ExtensibilityGlobals) = postSolution
		SolutionGuid = {847CDD68-55B6-4F4C-BC69-52CB7C32F514}
	EndGlobalSection
EndGlobal
